{
  "name": "client",
  "version": "1.0.0",
  "lockfileVersion": 1,
  "requires": true,
  "dependencies": {
    "bootstrap": {
      "version": "4.1.1",
      "resolved": "https://registry.npmjs.org/bootstrap/-/bootstrap-4.1.1.tgz",
      "integrity": "sha512-SpiDSOcbg4J/PjVSt4ny5eY6j74VbVSjROY4Fb/WIUXBV9cnb5luyR4KnPvNoXuGnBK1T+nJIWqRsvU3yP8Mcg=="
    },
    "font-mfizz": {
      "version": "2.4.1",
      "resolved": "https://registry.npmjs.org/font-mfizz/-/font-mfizz-2.4.1.tgz",
      "integrity": "sha1-8pIXBat1wPCV3yoIji1CgR2Y5Js="
    },
    "hover.css": {
      "version": "2.3.2",
      "resolved": "https://registry.npmjs.org/hover.css/-/hover.css-2.3.2.tgz",
      "integrity": "sha1-8HGT2cdAnU45UTTTsiFbmetV4NM="
    },
    "particlesjs": {
      "version": "2.2.2",
      "resolved": "https://registry.npmjs.org/particlesjs/-/particlesjs-2.2.2.tgz",
      "integrity": "sha512-mHd8FZq58WX26pbudJhy/IkscFtSj5epa01uAcHkdQ8/m0903QoitcbZzVbiqua1WP8TNenRx1QOsJ8kEwTqhA=="
    }
  }
}
