{
  "name": "webcoder",
  "version": "1.0.0",
  "lockfileVersion": 1,
  "requires": true,
  "dependencies": {
    "font-mfizz": {
      "version": "2.4.1",
      "resolved": "https://registry.npmjs.org/font-mfizz/-/font-mfizz-2.4.1.tgz",
      "integrity": "sha1-8pIXBat1wPCV3yoIji1CgR2Y5Js="
    }
  }
}
